
Microsoft Visual Studio Solution File, Format Version 12.00
# Visual Studio Version 17
VisualStudioVersion = 17.14.37216.2
MinimumVisualStudioVersion = 10.0.40219.1
Project("{FAE04EC0-301F-11D3-BF4B-00C04F79EFBC}") = "proyectoSaasBackend", "proyectoSaasBackend.csproj", "{61F32F6B-881F-4677-8E6B-8845A8407D98}"
EndProject
Global
	GlobalSection(SolutionConfigurationPlatforms) = preSolution
		Debug|Any CPU = Debug|Any CPU
		Release|Any CPU = Release|Any CPU
	EndGlobalSection
	GlobalSection(ProjectConfigurationPlatforms) = postSolution
		{61F32F6B-881F-4677-8E6B-8845A8407D98}.Debug|Any CPU.ActiveCfg = Debug|Any CPU
		{61F32F6B-881F-4677-8E6B-8845A8407D98}.Debug|Any CPU.Build.0 = Debug|Any CPU
		{61F32F6B-881F-4677-8E6B-8845A8407D98}.Release|Any CPU.ActiveCfg = Release|Any CPU
		{61F32F6B-881F-4677-8E6B-8845A8407D98}.Release|Any CPU.Build.0 = Release|Any CPU
	EndGlobalSection
	GlobalSection(SolutionProperties) = preSolution
		HideSolutionNode = FALSE
	EndGlobalSection
	GlobalSection(ExtensibilityGlobals) = postSolution
		SolutionGuid = {CEBE7524-FE14-4E94-8313-19AAA3C5EA2D}
	EndGlobalSection
EndGlobal
